
Microsoft Visual Studio Solution File, Format Version 12.00
# Visual Studio Version 17
VisualStudioVersion = 17.14.36616.10 d17.14
MinimumVisualStudioVersion = 10.0.40219.1
Project("{FAE04EC0-301F-11D3-BF4B-00C04F79EFBC}") = "EkgAnalyzerApi", "EkgAnalyzerApi.csproj", "{2BA4F683-4832-4183-989F-39AD71A30BDC}"
EndProject
Global
	GlobalSection(SolutionConfigurationPlatforms) = preSolution
		Debug|Any CPU = Debug|Any CPU
		Release|Any CPU = Release|Any CPU
	EndGlobalSection
	GlobalSection(ProjectConfigurationPlatforms) = postSolution
		{2BA4F683-4832-4183-989F-39AD71A30BDC}.Debug|Any CPU.ActiveCfg = Debug|Any CPU
		{2BA4F683-4832-4183-989F-39AD71A30BDC}.Debug|Any CPU.Build.0 = Debug|Any CPU
		{2BA4F683-4832-4183-989F-39AD71A30BDC}.Release|Any CPU.ActiveCfg = Release|Any CPU
		{2BA4F683-4832-4183-989F-39AD71A30BDC}.Release|Any CPU.Build.0 = Release|Any CPU
	EndGlobalSection
	GlobalSection(SolutionProperties) = preSolution
		HideSolutionNode = FALSE
	EndGlobalSection
	GlobalSection(ExtensibilityGlobals) = postSolution
		SolutionGuid = {CA5B3896-CA57-46C6-A5AC-947AD6FE61BE}
	EndGlobalSection
EndGlobal
